
Microsoft Visual Studio Solution File, Format Version 12.00
# Visual Studio Version 16
VisualStudioVersion = 16.0.29318.209
MinimumVisualStudioVersion = 10.0.40219.1
Project("{9A19103F-16F7-4668-BE54-9A1E7A4F7556}") = "CypatMusicModule", "CypatMusicModule\CypatMusicModule.csproj", "{8F928A2A-A201-431B-8B4A-E3A17E8722DC}"
EndProject
Global
	GlobalSection(SolutionConfigurationPlatforms) = preSolution
		Debug|Any CPU = Debug|Any CPU
		Debug|x86 = Debug|x86
		Release|Any CPU = Release|Any CPU
		Release|x86 = Release|x86
	EndGlobalSection
	GlobalSection(ProjectConfigurationPlatforms) = postSolution
		{8F928A2A-A201-431B-8B4A-E3A17E8722DC}.Debug|Any CPU.ActiveCfg = Debug|Any CPU
		{8F928A2A-A201-431B-8B4A-E3A17E8722DC}.Debug|Any CPU.Build.0 = Debug|Any CPU
		{8F928A2A-A201-431B-8B4A-E3A17E8722DC}.Debug|x86.ActiveCfg = Windows alone|x86
		{8F928A2A-A201-431B-8B4A-E3A17E8722DC}.Debug|x86.Build.0 = Debug|x86
		{8F928A2A-A201-431B-8B4A-E3A17E8722DC}.Release|Any CPU.ActiveCfg = Release|Any CPU
		{8F928A2A-A201-431B-8B4A-E3A17E8722DC}.Release|Any CPU.Build.0 = Release|Any CPU
		{8F928A2A-A201-431B-8B4A-E3A17E8722DC}.Release|x86.ActiveCfg = Release|Any CPU
		{8F928A2A-A201-431B-8B4A-E3A17E8722DC}.Release|x86.Build.0 = Release|Any CPU
	EndGlobalSection
	GlobalSection(SolutionProperties) = preSolution
		HideSolutionNode = FALSE
	EndGlobalSection
	GlobalSection(ExtensibilityGlobals) = postSolution
		SolutionGuid = {E5079309-7B79-4D34-A1D6-4B9FE5B43853}
	EndGlobalSection
EndGlobal
